
Microsoft Visual Studio Solution File, Format Version 12.00
# Visual Studio 15
Project("{FAE04EC0-301F-11D3-BF4B-00C04F79EFBC}") = "Assembly-CSharp", "Assembly-CSharp.csproj", "{81ADE317-B065-FAAF-8440-00D187524973}"
EndProject
Project("{FAE04EC0-301F-11D3-BF4B-00C04F79EFBC}") = "Assembly-CSharp-Editor", "Assembly-CSharp-Editor.csproj", "{0620D37E-DC08-98D5-B5F3-5C56A5689906}"
EndProject
Global
	GlobalSection(SolutionConfigurationPlatforms) = preSolution
		Debug|Any CPU = Debug|Any CPU
		Release|Any CPU = Release|Any CPU
	EndGlobalSection
	GlobalSection(ProjectConfigurationPlatforms) = postSolution
		{81ADE317-B065-FAAF-8440-00D187524973}.Debug|Any CPU.ActiveCfg = Debug|Any CPU
		{81ADE317-B065-FAAF-8440-00D187524973}.Debug|Any CPU.Build.0 = Debug|Any CPU
		{81ADE317-B065-FAAF-8440-00D187524973}.Release|Any CPU.ActiveCfg = Release|Any CPU
		{81ADE317-B065-FAAF-8440-00D187524973}.Release|Any CPU.Build.0 = Release|Any CPU
		{0620D37E-DC08-98D5-B5F3-5C56A5689906}.Debug|Any CPU.ActiveCfg = Debug|Any CPU
		{0620D37E-DC08-98D5-B5F3-5C56A5689906}.Debug|Any CPU.Build.0 = Debug|Any CPU
		{0620D37E-DC08-98D5-B5F3-5C56A5689906}.Release|Any CPU.ActiveCfg = Release|Any CPU
		{0620D37E-DC08-98D5-B5F3-5C56A5689906}.Release|Any CPU.Build.0 = Release|Any CPU
	EndGlobalSection
	GlobalSection(SolutionProperties) = preSolution
		HideSolutionNode = FALSE
	EndGlobalSection
EndGlobal
